
Microsoft Visual Studio Solution File, Format Version 12.00
# Visual Studio Version 16
VisualStudioVersion = 16.0.29911.84
MinimumVisualStudioVersion = 10.0.40219.1
Project("{8BC9CEB8-8B4A-11D0-8D11-00A0C91BC942}") = "Multiflyer", "Multiflyer.vcxproj", "{457E1AF7-9746-4CE4-87DF-5003D2320EDC}"
EndProject
Global
	GlobalSection(SolutionConfigurationPlatforms) = preSolution
		Debug|x64 = Debug|x64
		Debug|x86 = Debug|x86
		Release|x64 = Release|x64
		Release|x86 = Release|x86
	EndGlobalSection
	GlobalSection(ProjectConfigurationPlatforms) = postSolution
		{457E1AF7-9746-4CE4-87DF-5003D2320EDC}.Debug|x64.ActiveCfg = Debug|x64
		{457E1AF7-9746-4CE4-87DF-5003D2320EDC}.Debug|x64.Build.0 = Debug|x64
		{457E1AF7-9746-4CE4-87DF-5003D2320EDC}.Debug|x86.ActiveCfg = Debug|Win32
		{457E1AF7-9746-4CE4-87DF-5003D2320EDC}.Debug|x86.Build.0 = Debug|Win32
		{457E1AF7-9746-4CE4-87DF-5003D2320EDC}.Release|x64.ActiveCfg = Release|x64
		{457E1AF7-9746-4CE4-87DF-5003D2320EDC}.Release|x64.Build.0 = Release|x64
		{457E1AF7-9746-4CE4-87DF-5003D2320EDC}.Release|x86.ActiveCfg = Release|Win32
		{457E1AF7-9746-4CE4-87DF-5003D2320EDC}.Release|x86.Build.0 = Release|Win32
	EndGlobalSection
	GlobalSection(SolutionProperties) = preSolution
		HideSolutionNode = FALSE
	EndGlobalSection
	GlobalSection(ExtensibilityGlobals) = postSolution
		SolutionGuid = {16D6FD78-B772-484E-B7D4-C39529FA409F}
	EndGlobalSection
EndGlobal
